
Microsoft Visual Studio Solution File, Format Version 12.00
# Visual Studio 15
VisualStudioVersion = 15.0.27428.2015
MinimumVisualStudioVersion = 10.0.40219.1
Project("{FAE04EC0-301F-11D3-BF4B-00C04F79EFBC}") = "VideoGallery.PlatformModel", "VideoGallery.PlatformModel\VideoGallery.PlatformModel.csproj", "{A7472A4C-F430-45BA-A951-47FCE18D635A}"
EndProject
Project("{FAE04EC0-301F-11D3-BF4B-00C04F79EFBC}") = "VideoGallery.WebAPI", "VideoGallery.WebAPI\VideoGallery.WebAPI.csproj", "{344E2C75-4653-4680-925F-0227056E1B17}"
EndProject
Project("{FAE04EC0-301F-11D3-BF4B-00C04F79EFBC}") = "VideoGallery.WebApi.Tests", "VideoGallery.WebAPI.Tests\VideoGallery.WebApi.Tests.csproj", "{0110EE58-66E4-49DB-9383-12BF6ECACB97}"
EndProject
Project("{FAE04EC0-301F-11D3-BF4B-00C04F79EFBC}") = "VideoGallery.Common", "VideoGallery.Common\VideoGallery.Common.csproj", "{3DBA50F1-D2F3-46B3-873F-17D651DC8634}"
EndProject
Global
	GlobalSection(SolutionConfigurationPlatforms) = preSolution
		Debug|Any CPU = Debug|Any CPU
		Release|Any CPU = Release|Any CPU
	EndGlobalSection
	GlobalSection(ProjectConfigurationPlatforms) = postSolution
		{A7472A4C-F430-45BA-A951-47FCE18D635A}.Debug|Any CPU.ActiveCfg = Debug|Any CPU
		{A7472A4C-F430-45BA-A951-47FCE18D635A}.Debug|Any CPU.Build.0 = Debug|Any CPU
		{A7472A4C-F430-45BA-A951-47FCE18D635A}.Release|Any CPU.ActiveCfg = Release|Any CPU
		{A7472A4C-F430-45BA-A951-47FCE18D635A}.Release|Any CPU.Build.0 = Release|Any CPU
		{344E2C75-4653-4680-925F-0227056E1B17}.Debug|Any CPU.ActiveCfg = Debug|Any CPU
		{344E2C75-4653-4680-925F-0227056E1B17}.Debug|Any CPU.Build.0 = Debug|Any CPU
		{344E2C75-4653-4680-925F-0227056E1B17}.Release|Any CPU.ActiveCfg = Release|Any CPU
		{344E2C75-4653-4680-925F-0227056E1B17}.Release|Any CPU.Build.0 = Release|Any CPU
		{0110EE58-66E4-49DB-9383-12BF6ECACB97}.Debug|Any CPU.ActiveCfg = Debug|Any CPU
		{0110EE58-66E4-49DB-9383-12BF6ECACB97}.Debug|Any CPU.Build.0 = Debug|Any CPU
		{0110EE58-66E4-49DB-9383-12BF6ECACB97}.Release|Any CPU.ActiveCfg = Release|Any CPU
		{0110EE58-66E4-49DB-9383-12BF6ECACB97}.Release|Any CPU.Build.0 = Release|Any CPU
		{3DBA50F1-D2F3-46B3-873F-17D651DC8634}.Debug|Any CPU.ActiveCfg = Debug|Any CPU
		{3DBA50F1-D2F3-46B3-873F-17D651DC8634}.Debug|Any CPU.Build.0 = Debug|Any CPU
		{3DBA50F1-D2F3-46B3-873F-17D651DC8634}.Release|Any CPU.ActiveCfg = Release|Any CPU
		{3DBA50F1-D2F3-46B3-873F-17D651DC8634}.Release|Any CPU.Build.0 = Release|Any CPU
	EndGlobalSection
	GlobalSection(SolutionProperties) = preSolution
		HideSolutionNode = FALSE
	EndGlobalSection
	GlobalSection(ExtensibilityGlobals) = postSolution
		SolutionGuid = {76ED6395-9C8C-4F70-A3EC-E9D8EE97040A}
	EndGlobalSection
EndGlobal
